
Microsoft Visual Studio Solution File, Format Version 12.00
# Visual Studio Version 17
VisualStudioVersion = 17.11.35312.102
MinimumVisualStudioVersion = 10.0.40219.1
Project("{FAE04EC0-301F-11D3-BF4B-00C04F79EFBC}") = "Practice 4", "Practice 4\Practice 4.csproj", "{AF69C90F-7CCF-4E2E-A10C-718D96BB00AB}"
EndProject
Global
	GlobalSection(SolutionConfigurationPlatforms) = preSolution
		Debug|Any CPU = Debug|Any CPU
		Release|Any CPU = Release|Any CPU
	EndGlobalSection
	GlobalSection(ProjectConfigurationPlatforms) = postSolution
		{AF69C90F-7CCF-4E2E-A10C-718D96BB00AB}.Debug|Any CPU.ActiveCfg = Debug|Any CPU
		{AF69C90F-7CCF-4E2E-A10C-718D96BB00AB}.Debug|Any CPU.Build.0 = Debug|Any CPU
		{AF69C90F-7CCF-4E2E-A10C-718D96BB00AB}.Release|Any CPU.ActiveCfg = Release|Any CPU
		{AF69C90F-7CCF-4E2E-A10C-718D96BB00AB}.Release|Any CPU.Build.0 = Release|Any CPU
	EndGlobalSection
	GlobalSection(SolutionProperties) = preSolution
		HideSolutionNode = FALSE
	EndGlobalSection
	GlobalSection(ExtensibilityGlobals) = postSolution
		SolutionGuid = {B91A21DD-60E1-472B-8232-0891DC173261}
	EndGlobalSection
EndGlobal
