
Microsoft Visual Studio Solution File, Format Version 12.00
# Visual Studio Version 17
VisualStudioVersion = 17.11.35312.102
MinimumVisualStudioVersion = 10.0.40219.1
Project("{FAE04EC0-301F-11D3-BF4B-00C04F79EFBC}") = "BookingTheater", "BookingTheater\BookingTheater.csproj", "{577564E8-6708-4E15-ACFF-852D3DB6F5F9}"
EndProject
Project("{FAE04EC0-301F-11D3-BF4B-00C04F79EFBC}") = "UnitTests", "UnitTests\UnitTests.csproj", "{00180254-6BA9-4B30-815C-A23AF63321D1}"
EndProject
Global
	GlobalSection(SolutionConfigurationPlatforms) = preSolution
		Debug|Any CPU = Debug|Any CPU
		Release|Any CPU = Release|Any CPU
	EndGlobalSection
	GlobalSection(ProjectConfigurationPlatforms) = postSolution
		{577564E8-6708-4E15-ACFF-852D3DB6F5F9}.Debug|Any CPU.ActiveCfg = Debug|Any CPU
		{577564E8-6708-4E15-ACFF-852D3DB6F5F9}.Debug|Any CPU.Build.0 = Debug|Any CPU
		{577564E8-6708-4E15-ACFF-852D3DB6F5F9}.Release|Any CPU.ActiveCfg = Release|Any CPU
		{577564E8-6708-4E15-ACFF-852D3DB6F5F9}.Release|Any CPU.Build.0 = Release|Any CPU
		{00180254-6BA9-4B30-815C-A23AF63321D1}.Debug|Any CPU.ActiveCfg = Debug|Any CPU
		{00180254-6BA9-4B30-815C-A23AF63321D1}.Debug|Any CPU.Build.0 = Debug|Any CPU
		{00180254-6BA9-4B30-815C-A23AF63321D1}.Release|Any CPU.ActiveCfg = Release|Any CPU
		{00180254-6BA9-4B30-815C-A23AF63321D1}.Release|Any CPU.Build.0 = Release|Any CPU
	EndGlobalSection
	GlobalSection(SolutionProperties) = preSolution
		HideSolutionNode = FALSE
	EndGlobalSection
	GlobalSection(ExtensibilityGlobals) = postSolution
		SolutionGuid = {3D1EE46E-1F2B-493B-980E-75E8F477BAA6}
	EndGlobalSection
EndGlobal
