
Microsoft Visual Studio Solution File, Format Version 12.00
# Visual Studio Version 17
VisualStudioVersion = 17.11.35312.102
MinimumVisualStudioVersion = 10.0.40219.1
Project("{FAE04EC0-301F-11D3-BF4B-00C04F79EFBC}") = "Pr10", "Pr10\Pr10.csproj", "{0F8BF2EC-62D5-4D38-B2ED-28EFC288EB8D}"
EndProject
Global
	GlobalSection(SolutionConfigurationPlatforms) = preSolution
		Debug|Any CPU = Debug|Any CPU
		Release|Any CPU = Release|Any CPU
	EndGlobalSection
	GlobalSection(ProjectConfigurationPlatforms) = postSolution
		{0F8BF2EC-62D5-4D38-B2ED-28EFC288EB8D}.Debug|Any CPU.ActiveCfg = Debug|Any CPU
		{0F8BF2EC-62D5-4D38-B2ED-28EFC288EB8D}.Debug|Any CPU.Build.0 = Debug|Any CPU
		{0F8BF2EC-62D5-4D38-B2ED-28EFC288EB8D}.Release|Any CPU.ActiveCfg = Release|Any CPU
		{0F8BF2EC-62D5-4D38-B2ED-28EFC288EB8D}.Release|Any CPU.Build.0 = Release|Any CPU
	EndGlobalSection
	GlobalSection(SolutionProperties) = preSolution
		HideSolutionNode = FALSE
	EndGlobalSection
	GlobalSection(ExtensibilityGlobals) = postSolution
		SolutionGuid = {BB97ED5A-FA01-4009-8EAC-1ED66A5093A8}
	EndGlobalSection
EndGlobal
